
Microsoft Visual Studio Solution File, Format Version 12.00
# Visual Studio Version 16
VisualStudioVersion = 16.0.29230.47
MinimumVisualStudioVersion = 10.0.40219.1
Project("{2150E333-8FDC-42A3-9474-1A3956D46DE8}") = "StudentForm", "StudentForm", "{56E26733-5CA4-4DCF-84E3-7CAE4B7ABE62}"
EndProject
Project("{FAE04EC0-301F-11D3-BF4B-00C04F79EFBC}") = "StudentForm.Core", "StudentForm.Core\StudentForm.Core.csproj", "{531DCA68-C9B9-4712-BBCA-1376E9282CF1}"
EndProject
Global
	GlobalSection(SolutionConfigurationPlatforms) = preSolution
		Debug|Any CPU = Debug|Any CPU
		Release|Any CPU = Release|Any CPU
	EndGlobalSection
	GlobalSection(ProjectConfigurationPlatforms) = postSolution
		{531DCA68-C9B9-4712-BBCA-1376E9282CF1}.Debug|Any CPU.ActiveCfg = Debug|Any CPU
		{531DCA68-C9B9-4712-BBCA-1376E9282CF1}.Debug|Any CPU.Build.0 = Debug|Any CPU
		{531DCA68-C9B9-4712-BBCA-1376E9282CF1}.Release|Any CPU.ActiveCfg = Release|Any CPU
		{531DCA68-C9B9-4712-BBCA-1376E9282CF1}.Release|Any CPU.Build.0 = Release|Any CPU
	EndGlobalSection
	GlobalSection(SolutionProperties) = preSolution
		HideSolutionNode = FALSE
	EndGlobalSection
	GlobalSection(NestedProjects) = preSolution
		{531DCA68-C9B9-4712-BBCA-1376E9282CF1} = {56E26733-5CA4-4DCF-84E3-7CAE4B7ABE62}
	EndGlobalSection
	GlobalSection(ExtensibilityGlobals) = postSolution
		SolutionGuid = {8C03E4FE-937C-4BD9-AA2F-8E7A32DD5411}
	EndGlobalSection
EndGlobal
